{
  "name": "staking",
  "version": "1.0.0",
  "lockfileVersion": 1,
  "requires": true,
  "dependencies": {
    "@aragon/core": {
      "version": "2.0.1",
      "resolved": "https://registry.npmjs.org/@aragon/core/-/core-2.0.1.tgz",
      "integrity": "sha512-o2SPNW2H5HlWxgVK+jJ5cpMBjXUwZHbFytjJqySSJkX1mYX+6+9tgH3HAwCXWk7nc7yo/fE22NM60IcDPUZnfA=="
    }
  }
}
